// !$*UTF8*$!
{
	archiveVersion = 1;
	classes = {
	};
	objectVersion = 46;
	objects = {

/* Begin PBXBuildFile section */
		8C438BED1A260144007E124D /* Foundation.framework in Frameworks */ = {isa = PBXBuildFile; fileRef = 8C438BEC1A260144007E124D /* Foundation.framework */; };
		8C438BEF1A260144007E124D /* CoreGraphics.framework in Frameworks */ = {isa = PBXBuildFile; fileRef = 8C438BEE1A260144007E124D /* CoreGraphics.framework */; };
		8C438BF11A260144007E124D /* UIKit.framework in Frameworks */ = {isa = PBXBuildFile; fileRef = 8C438BF01A260144007E124D /* UIKit.framework */; };
		8C438BF71A260144007E124D /* InfoPlist.strings in Resources */ = {isa = PBXBuildFile; fileRef = 8C438BF51A260144007E124D /* InfoPlist.strings */; };
		8C438BF91A260144007E124D /* main.m in Sources */ = {isa = PBXBuildFile; fileRef = 8C438BF81A260144007E124D /* main.m */; };
		8C438BFD1A260144007E124D /* DKAppDelegate.m in Sources */ = {isa = PBXBuildFile; fileRef = 8C438BFC1A260144007E124D /* DKAppDelegate.m */; };
		8C438C001A260144007E124D /* Main.storyboard in Resources */ = {isa = PBXBuildFile; fileRef = 8C438BFE1A260144007E124D /* Main.storyboard */; };
		8C438C031A260144007E124D /* DKViewController.m in Sources */ = {isa = PBXBuildFile; fileRef = 8C438C021A260144007E124D /* DKViewController.m */; };
		8C438C051A260144007E124D /* Images.xcassets in Resources */ = {isa = PBXBuildFile; fileRef = 8C438C041A260144007E124D /* Images.xcassets */; };
		8C438C0C1A260144007E124D /* XCTest.framework in Frameworks */ = {isa = PBXBuildFile; fileRef = 8C438C0B1A260144007E124D /* XCTest.framework */; };
		8C438C0D1A260144007E124D /* Foundation.framework in Frameworks */ = {isa = PBXBuildFile; fileRef = 8C438BEC1A260144007E124D /* Foundation.framework */; };
		8C438C0E1A260144007E124D /* UIKit.framework in Frameworks */ = {isa = PBXBuildFile; fileRef = 8C438BF01A260144007E124D /* UIKit.framework */; };
		8C438C161A260144007E124D /* InfoPlist.strings in Resources */ = {isa = PBXBuildFile; fileRef = 8C438C141A260144007E124D /* InfoPlist.strings */; };
		8C438C181A260144007E124D /* Git_TestTests.m in Sources */ = {isa = PBXBuildFile; fileRef = 8C438C171A260144007E124D /* Git_TestTests.m */; };
/* End PBXBuildFile section */

/* Begin PBXContainerItemProxy section */
		8C438C0F1A260144007E124D /* PBXContainerItemProxy */ = {
			isa = PBXContainerItemProxy;
			containerPortal = 8C438BE11A260144007E124D /* Project object */;
			proxyType = 1;
			remoteGlobalIDString = 8C438BE81A260144007E124D;
			remoteInfo = "Git Test";
		};
/* End PBXContainerItemProxy section */

/* Begin PBXFileReference section */
		8C438BE91A260144007E124D /* Git Test.app */ = {isa = PBXFileReference; explicitFileType = wrapper.application; includeInIndex = 0; path = "Git Test.app"; sourceTree = BUILT_PRODUCTS_DIR; };
		8C438BEC1A260144007E124D /* Foundation.framework */ = {isa = PBXFileReference; lastKnownFileType = wrapper.framework; name = Foundation.framework; path = System/Library/Frameworks/Foundation.framework; sourceTree = SDKROOT; };
		8C438BEE1A260144007E124D /* CoreGraphics.framework */ = {isa = PBXFileReference; lastKnownFileType = wrapper.framework; name = CoreGraphics.framework; path = System/Library/Frameworks/CoreGraphics.framework; sourceTree = SDKROOT; };
		8C438BF01A260144007E124D /* UIKit.framework */ = {isa = PBXFileReference; lastKnownFileType = wrapper.framework; name = UIKit.framework; path = System/Library/Frameworks/UIKit.framework; sourceTree = SDKROOT; };
		8C438BF41A260144007E124D /* Git Test-Info.plist */ = {isa = PBXFileReference; lastKnownFileType = text.plist.xml; path = "Git Test-Info.plist"; sourceTree = "<group>"; };
		8C438BF61A260144007E124D /* en */ = {isa = PBXFileReference; lastKnownFileType = text.plist.strings; name = en; path = en.lproj/InfoPlist.strings; sourceTree = "<group>"; };
		8C438BF81A260144007E124D /* main.m */ = {isa = PBXFileReference; lastKnownFileType = sourcecode.c.objc; path = main.m; sourceTree = "<group>"; };
		8C438BFA1A260144007E124D /* Git Test-Prefix.pch */ = {isa = PBXFileReference; lastKnownFileType = sourcecode.c.h; path = "Git Test-Prefix.pch"; sourceTree = "<group>"; };
		8C438BFB1A260144007E124D /* DKAppDelegate.h */ = {isa = PBXFileReference; lastKnownFileType = sourcecode.c.h; path = DKAppDelegate.h; sourceTree = "<group>"; };
		8C438BFC1A260144007E124D /* DKAppDelegate.m */ = {isa = PBXFileReference; lastKnownFileType = sourcecode.c.objc; path = DKAppDelegate.m; sourceTree = "<group>"; };
		8C438BFF1A260144007E124D /* Base */ = {isa = PBXFileReference; lastKnownFileType = file.storyboard; name = Base; path = Base.lproj/Main.storyboard; sourceTree = "<group>"; };
		8C438C011A260144007E124D /* DKViewController.h */ = {isa = PBXFileReference; lastKnownFileType = sourcecode.c.h; path = DKViewController.h; sourceTree = "<group>"; };
		8C438C021A260144007E124D /* DKViewController.m */ = {isa = PBXFileReference; lastKnownFileType = sourcecode.c.objc; path = DKViewController.m; sourceTree = "<group>"; };
		8C438C041A260144007E124D /* Images.xcassets */ = {isa = PBXFileReference; lastKnownFileType = folder.assetcatalog; path = Images.xcassets; sourceTree = "<group>"; };
		8C438C0A1A260144007E124D /* Git TestTests.xctest */ = {isa = PBXFileReference; explicitFileType = wrapper.cfbundle; includeInIndex = 0; path = "Git TestTests.xctest"; sourceTree = BUILT_PRODUCTS_DIR; };
		8C438C0B1A260144007E124D /* XCTest.framework */ = {isa = PBXFileReference; lastKnownFileType = wrapper.framework; name = XCTest.framework; path = Library/Frameworks/XCTest.framework; sourceTree = DEVELOPER_DIR; };
		8C438C131A260144007E124D /* Git TestTests-Info.plist */ = {isa = PBXFileReference; lastKnownFileType = text.plist.xml; path = "Git TestTests-Info.plist"; sourceTree = "<group>"; };
		8C438C151A260144007E124D /* en */ = {isa = PBXFileReference; lastKnownFileType = text.plist.strings; name = en; path = en.lproj/InfoPlist.strings; sourceTree = "<group>"; };
		8C438C171A260144007E124D /* Git_TestTests.m */ = {isa = PBXFileReference; lastKnownFileType = sourcecode.c.objc; path = Git_TestTests.m; sourceTree = "<group>"; };
/* End PBXFileReference section */

/* Begin PBXFrameworksBuildPhase section */
		8C438BE61A260144007E124D /* Frameworks */ = {
			isa = PBXFrameworksBuildPhase;
			buildActionMask = 2147483647;
			files = (
				8C438BEF1A260144007E124D /* CoreGraphics.framework in Frameworks */,
				8C438BF11A260144007E124D /* UIKit.framework in Frameworks */,
				8C438BED1A260144007E124D /* Foundation.framework in Frameworks */,
			);
			runOnlyForDeploymentPostprocessing = 0;
		};
		8C438C071A260144007E124D /* Frameworks */ = {
			isa = PBXFrameworksBuildPhase;
			buildActionMask = 2147483647;
			files = (
				8C438C0C1A260144007E124D /* XCTest.framework in Frameworks */,
				8C438C0E1A260144007E124D /* UIKit.framework in Frameworks */,
				8C438C0D1A260144007E124D /* Foundation.framework in Frameworks */,
			);
			runOnlyForDeploymentPostprocessing = 0;
		};
/* End PBXFrameworksBuildPhase section */

/* Begin PBXGroup section */
		8C438BE01A260144007E124D = {
			isa = PBXGroup;
			children = (
				8C438BF21A260144007E124D /* Git Test */,
				8C438C111A260144007E124D /* Git TestTests */,
				8C438BEB1A260144007E124D /* Frameworks */,
				8C438BEA1A260144007E124D /* Products */,
			);
			sourceTree = "<group>";
		};
		8C438BEA1A260144007E124D /* Products */ = {
			isa = PBXGroup;
			children = (
				8C438BE91A260144007E124D /* Git Test.app */,
				8C438C0A1A260144007E124D /* Git TestTests.xctest */,
			);
			name = Products;
			sourceTree = "<group>";
		};
		8C438BEB1A260144007E124D /* Frameworks */ = {
			isa = PBXGroup;
			children = (
				8C438BEC1A260144007E124D /* Foundation.framework */,
				8C438BEE1A260144007E124D /* CoreGraphics.framework */,
				8C438BF01A260144007E124D /* UIKit.framework */,
				8C438C0B1A260144007E124D /* XCTest.framework */,
			);
			name = Frameworks;
			sourceTree = "<group>";
		};
		8C438BF21A260144007E124D /* Git Test */ = {
			isa = PBXGroup;
			children = (
				8C438BFB1A260144007E124D /* DKAppDelegate.h */,
				8C438BFC1A260144007E124D /* DKAppDelegate.m */,
				8C438BFE1A260144007E124D /* Main.storyboard */,
				8C438C011A260144007E124D /* DKViewController.h */,
				8C438C021A260144007E124D /* DKViewController.m */,
				8C438C041A260144007E124D /* Images.xcassets */,
				8C438BF31A260144007E124D /* Supporting Files */,
			);
			path = "Git Test";
			sourceTree = "<group>";
		};
		8C438BF31A260144007E124D /* Supporting Files */ = {
			isa = PBXGroup;
			children = (
				8C438BF41A260144007E124D /* Git Test-Info.plist */,
				8C438BF51A260144007E124D /* InfoPlist.strings */,
				8C438BF81A260144007E124D /* main.m */,
				8C438BFA1A260144007E124D /* Git Test-Prefix.pch */,
			);
			name = "Supporting Files";
			sourceTree = "<group>";
		};
		8C438C111A260144007E124D /* Git TestTests */ = {
			isa = PBXGroup;
			children = (
				8C438C171A260144007E124D /* Git_TestTests.m */,
				8C438C121A260144007E124D /* Supporting Files */,
			);
			path = "Git TestTests";
			sourceTree = "<group>";
		};
		8C438C121A260144007E124D /* Supporting Files */ = {
			isa = PBXGroup;
			children = (
				8C438C131A260144007E124D /* Git TestTests-Info.plist */,
				8C438C141A260144007E124D /* InfoPlist.strings */,
			);
			name = "Supporting Files";
			sourceTree = "<group>";
		};
/* End PBXGroup section */

/* Begin PBXNativeTarget section */
		8C438BE81A260144007E124D /* Git Test */ = {
			isa = PBXNativeTarget;
			buildConfigurationList = 8C438C1B1A260144007E124D /* Build configuration list for PBXNativeTarget "Git Test" */;
			buildPhases = (
				8C438BE51A260144007E124D /* Sources */,
				8C438BE61A260144007E124D /* Frameworks */,
				8C438BE71A260144007E124D /* Resources */,
			);
			buildRules = (
			);
			dependencies = (
			);
			name = "Git Test";
			productName = "Git Test";
			productReference = 8C438BE91A260144007E124D /* Git Test.app */;
			productType = "com.apple.product-type.application";
		};
		8C438C091A260144007E124D /* Git TestTests */ = {
			isa = PBXNativeTarget;
			buildConfigurationList = 8C438C1E1A260144007E124D /* Build configuration list for PBXNativeTarget "Git TestTests" */;
			buildPhases = (
				8C438C061A260144007E124D /* Sources */,
				8C438C071A260144007E124D /* Frameworks */,
				8C438C081A260144007E124D /* Resources */,
			);
			buildRules = (
			);
			dependencies = (
				8C438C101A260144007E124D /* PBXTargetDependency */,
			);
			name = "Git TestTests";
			productName = "Git TestTests";
			productReference = 8C438C0A1A260144007E124D /* Git TestTests.xctest */;
			productType = "com.apple.product-type.bundle.unit-test";
		};
/* End PBXNativeTarget section */

/* Begin PBXProject section */
		8C438BE11A260144007E124D /* Project object */ = {
			isa = PBXProject;
			attributes = {
				CLASSPREFIX = DK;
				LastUpgradeCheck = 0510;
				ORGANIZATIONNAME = deepank;
				TargetAttributes = {
					8C438C091A260144007E124D = {
						TestTargetID = 8C438BE81A260144007E124D;
					};
				};
			};
			buildConfigurationList = 8C438BE41A260144007E124D /* Build configuration list for PBXProject "Git Test" */;
			compatibilityVersion = "Xcode 3.2";
			developmentRegion = English;
			hasScannedForEncodings = 0;
			knownRegions = (
				en,
				Base,
			);
			mainGroup = 8C438BE01A260144007E124D;
			productRefGroup = 8C438BEA1A260144007E124D /* Products */;
			projectDirPath = "";
			projectRoot = "";
			targets = (
				8C438BE81A260144007E124D /* Git Test */,
				8C438C091A260144007E124D /* Git TestTests */,
			);
		};
/* End PBXProject section */

/* Begin PBXResourcesBuildPhase section */
		8C438BE71A260144007E124D /* Resources */ = {
			isa = PBXResourcesBuildPhase;
			buildActionMask = 2147483647;
			files = (
				8C438C051A260144007E124D /* Images.xcassets in Resources */,
				8C438BF71A260144007E124D /* InfoPlist.strings in Resources */,
				8C438C001A260144007E124D /* Main.storyboard in Resources */,
			);
			runOnlyForDeploymentPostprocessing = 0;
		};
		8C438C081A260144007E124D /* Resources */ = {
			isa = PBXResourcesBuildPhase;
			buildActionMask = 2147483647;
			files = (
				8C438C161A260144007E124D /* InfoPlist.strings in Resources */,
			);
			runOnlyForDeploymentPostprocessing = 0;
		};
/* End PBXResourcesBuildPhase section */

/* Begin PBXSourcesBuildPhase section */
		8C438BE51A260144007E124D /* Sources */ = {
			isa = PBXSourcesBuildPhase;
			buildActionMask = 2147483647;
			files = (
				8C438BF91A260144007E124D /* main.m in Sources */,
				8C438C031A260144007E124D /* DKViewController.m in Sources */,
				8C438BFD1A260144007E124D /* DKAppDelegate.m in Sources */,
			);
			runOnlyForDeploymentPostprocessing = 0;
		};
		8C438C061A260144007E124D /* Sources */ = {
			isa = PBXSourcesBuildPhase;
			buildActionMask = 2147483647;
			files = (
				8C438C181A260144007E124D /* Git_TestTests.m in Sources */,
			);
			runOnlyForDeploymentPostprocessing = 0;
		};
/* End PBXSourcesBuildPhase section */

/* Begin PBXTargetDependency section */
		8C438C101A260144007E124D /* PBXTargetDependency */ = {
			isa = PBXTargetDependency;
			target = 8C438BE81A260144007E124D /* Git Test */;
			targetProxy = 8C438C0F1A260144007E124D /* PBXContainerItemProxy */;
		};
/* End PBXTargetDependency section */

/* Begin PBXVariantGroup section */
		8C438BF51A260144007E124D /* InfoPlist.strings */ = {
			isa = PBXVariantGroup;
			children = (
				8C438BF61A260144007E124D /* en */,
			);
			name = InfoPlist.strings;
			sourceTree = "<group>";
		};
		8C438BFE1A260144007E124D /* Main.storyboard */ = {
			isa = PBXVariantGroup;
			children = (
				8C438BFF1A260144007E124D /* Base */,
			);
			name = Main.storyboard;
			sourceTree = "<group>";
		};
		8C438C141A260144007E124D /* InfoPlist.strings */ = {
			isa = PBXVariantGroup;
			children = (
				8C438C151A260144007E124D /* en */,
			);
			name = InfoPlist.strings;
			sourceTree = "<group>";
		};
/* End PBXVariantGroup section */

/* Begin XCBuildConfiguration section */
		8C438C191A260144007E124D /* Debug */ = {
			isa = XCBuildConfiguration;
			buildSettings = {
				ALWAYS_SEARCH_USER_PATHS = NO;
				CLANG_CXX_LANGUAGE_STANDARD = "gnu++0x";
				CLANG_CXX_LIBRARY = "libc++";
				CLANG_ENABLE_MODULES = YES;
				CLANG_ENABLE_OBJC_ARC = YES;
				CLANG_WARN_BOOL_CONVERSION = YES;
				CLANG_WARN_CONSTANT_CONVERSION = YES;
				CLANG_WARN_DIRECT_OBJC_ISA_USAGE = YES_ERROR;
				CLANG_WARN_EMPTY_BODY = YES;
				CLANG_WARN_ENUM_CONVERSION = YES;
				CLANG_WARN_INT_CONVERSION = YES;
				CLANG_WARN_OBJC_ROOT_CLASS = YES_ERROR;
				CLANG_WARN__DUPLICATE_METHOD_MATCH = YES;
				"CODE_SIGN_IDENTITY[sdk=iphoneos*]" = "iPhone Developer";
				COPY_PHASE_STRIP = NO;
				GCC_C_LANGUAGE_STANDARD = gnu99;
				GCC_DYNAMIC_NO_PIC = NO;
				GCC_OPTIMIZATION_LEVEL = 0;
				GCC_PREPROCESSOR_DEFINITIONS = (
					"DEBUG=1",
					"$(inherited)",
				);
				GCC_SYMBOLS_PRIVATE_EXTERN = NO;
				GCC_WARN_64_TO_32_BIT_CONVERSION = YES;
				GCC_WARN_ABOUT_RETURN_TYPE = YES_ERROR;
				GCC_WARN_UNDECLARED_SELECTOR = YES;
				GCC_WARN_UNINITIALIZED_AUTOS = YES_AGGRESSIVE;
				GCC_WARN_UNUSED_FUNCTION = YES;
				GCC_WARN_UNUSED_VARIABLE = YES;
				IPHONEOS_DEPLOYMENT_TARGET = 7.1;
				ONLY_ACTIVE_ARCH = YES;
				SDKROOT = iphoneos;
			};
			name = Debug;
		};
		8C438C1A1A260144007E124D /* Release */ = {
			isa = XCBuildConfiguration;
			buildSettings = {
				ALWAYS_SEARCH_USER_PATHS = NO;
				CLANG_CXX_LANGUAGE_STANDARD = "gnu++0x";
				CLANG_CXX_LIBRARY = "libc++";
				CLANG_ENABLE_MODULES = YES;
				CLANG_ENABLE_OBJC_ARC = YES;
				CLANG_WARN_BOOL_CONVERSION = YES;
				CLANG_WARN_CONSTANT_CONVERSION = YES;
				CLANG_WARN_DIRECT_OBJC_ISA_USAGE = YES_ERROR;
				CLANG_WARN_EMPTY_BODY = YES;
				CLANG_WARN_ENUM_CONVERSION = YES;
				CLANG_WARN_INT_CONVERSION = YES;
				CLANG_WARN_OBJC_ROOT_CLASS = YES_ERROR;
				CLANG_WARN__DUPLICATE_METHOD_MATCH = YES;
				"CODE_SIGN_IDENTITY[sdk=iphoneos*]" = "iPhone Developer";
				COPY_PHASE_STRIP = YES;
				ENABLE_NS_ASSERTIONS = NO;
				GCC_C_LANGUAGE_STANDARD = gnu99;
				GCC_WARN_64_TO_32_BIT_CONVERSION = YES;
				GCC_WARN_ABOUT_RETURN_TYPE = YES_ERROR;
				GCC_WARN_UNDECLARED_SELECTOR = YES;
				GCC_WARN_UNINITIALIZED_AUTOS = YES_AGGRESSIVE;
				GCC_WARN_UNUSED_FUNCTION = YES;
				GCC_WARN_UNUSED_VARIABLE = YES;
				IPHONEOS_DEPLOYMENT_TARGET = 7.1;
				SDKROOT = iphoneos;
				VALIDATE_PRODUCT = YES;
			};
			name = Release;
		};
		8C438C1C1A260144007E124D /* Debug */ = {
			isa = XCBuildConfiguration;
			buildSettings = {
				ASSETCATALOG_COMPILER_APPICON_NAME = AppIcon;
				ASSETCATALOG_COMPILER_LAUNCHIMAGE_NAME = LaunchImage;
				GCC_PRECOMPILE_PREFIX_HEADER = YES;
				GCC_PREFIX_HEADER = "Git Test/Git Test-Prefix.pch";
				INFOPLIST_FILE = "Git Test/Git Test-Info.plist";
				PRODUCT_NAME = "$(TARGET_NAME)";
				WRAPPER_EXTENSION = app;
			};
			name = Debug;
		};
		8C438C1D1A260144007E124D /* Release */ = {
			isa = XCBuildConfiguration;
			buildSettings = {
				ASSETCATALOG_COMPILER_APPICON_NAME = AppIcon;
				ASSETCATALOG_COMPILER_LAUNCHIMAGE_NAME = LaunchImage;
				GCC_PRECOMPILE_PREFIX_HEADER = YES;
				GCC_PREFIX_HEADER = "Git Test/Git Test-Prefix.pch";
				INFOPLIST_FILE = "Git Test/Git Test-Info.plist";
				PRODUCT_NAME = "$(TARGET_NAME)";
				WRAPPER_EXTENSION = app;
			};
			name = Release;
		};
		8C438C1F1A260144007E124D /* Debug */ = {
			isa = XCBuildConfiguration;
			buildSettings = {
				BUNDLE_LOADER = "$(BUILT_PRODUCTS_DIR)/Git Test.app/Git Test";
				FRAMEWORK_SEARCH_PATHS = (
					"$(SDKROOT)/Developer/Library/Frameworks",
					"$(inherited)",
					"$(DEVELOPER_FRAMEWORKS_DIR)",
				);
				GCC_PRECOMPILE_PREFIX_HEADER = YES;
				GCC_PREFIX_HEADER = "Git Test/Git Test-Prefix.pch";
				GCC_PREPROCESSOR_DEFINITIONS = (
					"DEBUG=1",
					"$(inherited)",
				);
				INFOPLIST_FILE = "Git TestTests/Git TestTests-Info.plist";
				PRODUCT_NAME = "$(TARGET_NAME)";
				TEST_HOST = "$(BUNDLE_LOADER)";
				WRAPPER_EXTENSION = xctest;
			};
			name = Debug;
		};
		8C438C201A260144007E124D /* Release */ = {
			isa = XCBuildConfiguration;
			buildSettings = {
				BUNDLE_LOADER = "$(BUILT_PRODUCTS_DIR)/Git Test.app/Git Test";
				FRAMEWORK_SEARCH_PATHS = (
					"$(SDKROOT)/Developer/Library/Frameworks",
					"$(inherited)",
					"$(DEVELOPER_FRAMEWORKS_DIR)",
				);
				GCC_PRECOMPILE_PREFIX_HEADER = YES;
				GCC_PREFIX_HEADER = "Git Test/Git Test-Prefix.pch";
				INFOPLIST_FILE = "Git TestTests/Git TestTests-Info.plist";
				PRODUCT_NAME = "$(TARGET_NAME)";
				TEST_HOST = "$(BUNDLE_LOADER)";
				WRAPPER_EXTENSION = xctest;
			};
			name = Release;
		};
/* End XCBuildConfiguration section */

/* Begin XCConfigurationList section */
		8C438BE41A260144007E124D /* Build configuration list for PBXProject "Git Test" */ = {
			isa = XCConfigurationList;
			buildConfigurations = (
				8C438C191A260144007E124D /* Debug */,
				8C438C1A1A260144007E124D /* Release */,
			);
			defaultConfigurationIsVisible = 0;
			defaultConfigurationName = Release;
		};
		8C438C1B1A260144007E124D /* Build configuration list for PBXNativeTarget "Git Test" */ = {
			isa = XCConfigurationList;
			buildConfigurations = (
				8C438C1C1A260144007E124D /* Debug */,
				8C438C1D1A260144007E124D /* Release */,
			);
			defaultConfigurationIsVisible = 0;
		};
		8C438C1E1A260144007E124D /* Build configuration list for PBXNativeTarget "Git TestTests" */ = {
			isa = XCConfigurationList;
			buildConfigurations = (
				8C438C1F1A260144007E124D /* Debug */,
				8C438C201A260144007E124D /* Release */,
			);
			defaultConfigurationIsVisible = 0;
		};
/* End XCConfigurationList section */
	};
	rootObject = 8C438BE11A260144007E124D /* Project object */;
}
